
Microsoft Visual Studio Solution File, Format Version 12.00
# Visual Studio Version 16
VisualStudioVersion = 16.0.30011.22
MinimumVisualStudioVersion = 10.0.40219.1
Project("{9A19103F-16F7-4668-BE54-9A1E7A4F7556}") = "Retail.Data", "Retail.Data\Retail.Data.csproj", "{1B93A0E2-60A4-4F65-9788-1D489C0E4DB2}"
EndProject
Project("{9A19103F-16F7-4668-BE54-9A1E7A4F7556}") = "Retail.Data.Tests", "Retail.Data.Tests\Retail.Data.Tests.csproj", "{C8C2410C-B257-48D3-9621-0465CE09EF83}"
EndProject
Project("{9A19103F-16F7-4668-BE54-9A1E7A4F7556}") = "Retail.Services", "Retail.Services\Retail.Services.csproj", "{734B55E0-3E56-4166-BE08-B5EC3054E3D9}"
EndProject
Project("{9A19103F-16F7-4668-BE54-9A1E7A4F7556}") = "Retail.Data.Abstractions", "Retail.Data.Abstractions\Retail.Data.Abstractions.csproj", "{F68DBFA5-11BF-4FC3-9F26-8FCCE77A0C49}"
EndProject
Project("{FAE04EC0-301F-11D3-BF4B-00C04F79EFBC}") = "Retail.Services.UnitTests", "Retail.Services.UnitTests\Retail.Services.UnitTests.csproj", "{16A5B7FC-0D7D-453C-8BA4-014FC7A3B2C0}"
EndProject
Global
	GlobalSection(SolutionConfigurationPlatforms) = preSolution
		Debug|Any CPU = Debug|Any CPU
		Release|Any CPU = Release|Any CPU
	EndGlobalSection
	GlobalSection(ProjectConfigurationPlatforms) = postSolution
		{1B93A0E2-60A4-4F65-9788-1D489C0E4DB2}.Debug|Any CPU.ActiveCfg = Debug|Any CPU
		{1B93A0E2-60A4-4F65-9788-1D489C0E4DB2}.Debug|Any CPU.Build.0 = Debug|Any CPU
		{1B93A0E2-60A4-4F65-9788-1D489C0E4DB2}.Release|Any CPU.ActiveCfg = Release|Any CPU
		{1B93A0E2-60A4-4F65-9788-1D489C0E4DB2}.Release|Any CPU.Build.0 = Release|Any CPU
		{C8C2410C-B257-48D3-9621-0465CE09EF83}.Debug|Any CPU.ActiveCfg = Debug|Any CPU
		{C8C2410C-B257-48D3-9621-0465CE09EF83}.Debug|Any CPU.Build.0 = Debug|Any CPU
		{C8C2410C-B257-48D3-9621-0465CE09EF83}.Release|Any CPU.ActiveCfg = Release|Any CPU
		{C8C2410C-B257-48D3-9621-0465CE09EF83}.Release|Any CPU.Build.0 = Release|Any CPU
		{734B55E0-3E56-4166-BE08-B5EC3054E3D9}.Debug|Any CPU.ActiveCfg = Debug|Any CPU
		{734B55E0-3E56-4166-BE08-B5EC3054E3D9}.Debug|Any CPU.Build.0 = Debug|Any CPU
		{734B55E0-3E56-4166-BE08-B5EC3054E3D9}.Release|Any CPU.ActiveCfg = Release|Any CPU
		{734B55E0-3E56-4166-BE08-B5EC3054E3D9}.Release|Any CPU.Build.0 = Release|Any CPU
		{F68DBFA5-11BF-4FC3-9F26-8FCCE77A0C49}.Debug|Any CPU.ActiveCfg = Debug|Any CPU
		{F68DBFA5-11BF-4FC3-9F26-8FCCE77A0C49}.Debug|Any CPU.Build.0 = Debug|Any CPU
		{F68DBFA5-11BF-4FC3-9F26-8FCCE77A0C49}.Release|Any CPU.ActiveCfg = Release|Any CPU
		{F68DBFA5-11BF-4FC3-9F26-8FCCE77A0C49}.Release|Any CPU.Build.0 = Release|Any CPU
		{16A5B7FC-0D7D-453C-8BA4-014FC7A3B2C0}.Debug|Any CPU.ActiveCfg = Debug|Any CPU
		{16A5B7FC-0D7D-453C-8BA4-014FC7A3B2C0}.Debug|Any CPU.Build.0 = Debug|Any CPU
		{16A5B7FC-0D7D-453C-8BA4-014FC7A3B2C0}.Release|Any CPU.ActiveCfg = Release|Any CPU
		{16A5B7FC-0D7D-453C-8BA4-014FC7A3B2C0}.Release|Any CPU.Build.0 = Release|Any CPU
	EndGlobalSection
	GlobalSection(SolutionProperties) = preSolution
		HideSolutionNode = FALSE
	EndGlobalSection
	GlobalSection(ExtensibilityGlobals) = postSolution
		SolutionGuid = {8D564B87-D594-4155-BB2C-FC2B56E80099}
	EndGlobalSection
EndGlobal
